verbs: [lock]
controller: /obj/command/boundary/LockController
description: "Lock a door (by direction or by name)"
help: |
  Lock anything that can be locked — a door blocking an exit. Name a
  direction to lock the door on that exit (`lock north`), or name the
  thing directly (`lock oak door`).

  The target has to be within reach. If it's already locked, or it
  isn't something that locks at all, the game tells you so and nothing
  happens.
validators:
  - /lib/command/validators/requiresAnimate
args:
  - name: target
    type: object
    required: true
    scope: "reachable"
    updates_focus: extend
    validators:
      - /lib/command/validators/canReach
